// !$*UTF8*$!
{
	archiveVersion = 1;
	classes = {
	};
	objectVersion = 46;
	objects = {

/* Begin PBXBuildFile section */
		3D80ECEC1CE310B0001A1798 /* AppDelegate.swift in Sources */ = {isa = PBXBuildFile; fileRef = 3D80ECEB1CE310B0001A1798 /* AppDelegate.swift */; };
		3D80ECEE1CE310B0001A1798 /* NoteTakerViewController.swift in Sources */ = {isa = PBXBuildFile; fileRef = 3D80ECED1CE310B0001A1798 /* NoteTakerViewController.swift */; };
		3D80ECF11CE310B0001A1798 /* Main.storyboard in Resources */ = {isa = PBXBuildFile; fileRef = 3D80ECEF1CE310B0001A1798 /* Main.storyboard */; };
		3D80ECF41CE310B0001A1798 /* NoteTaker.xcdatamodeld in Sources */ = {isa = PBXBuildFile; fileRef = 3D80ECF21CE310B0001A1798 /* NoteTaker.xcdatamodeld */; };
		3D80ECF61CE310B0001A1798 /* Assets.xcassets in Resources */ = {isa = PBXBuildFile; fileRef = 3D80ECF51CE310B0001A1798 /* Assets.xcassets */; };
		3D80ECF91CE310B0001A1798 /* LaunchScreen.storyboard in Resources */ = {isa = PBXBuildFile; fileRef = 3D80ECF71CE310B0001A1798 /* LaunchScreen.storyboard */; };
		3D80ED041CE310B0001A1798 /* NoteTakerTests.swift in Sources */ = {isa = PBXBuildFile; fileRef = 3D80ED031CE310B0001A1798 /* NoteTakerTests.swift */; };
		3D80ED0F1CE310B1001A1798 /* NoteTakerUITests.swift in Sources */ = {isa = PBXBuildFile; fileRef = 3D80ED0E1CE310B1001A1798 /* NoteTakerUITests.swift */; };
/* End PBXBuildFile section */

/* Begin PBXContainerItemProxy section */
		3D80ED001CE310B0001A1798 /* PBXContainerItemProxy */ = {
			isa = PBXContainerItemProxy;
			containerPortal = 3D80ECE01CE310B0001A1798 /* Project object */;
			proxyType = 1;
			remoteGlobalIDString = 3D80ECE71CE310B0001A1798;
			remoteInfo = NoteTaker;
		};
		3D80ED0B1CE310B1001A1798 /* PBXContainerItemProxy */ = {
			isa = PBXContainerItemProxy;
			containerPortal = 3D80ECE01CE310B0001A1798 /* Project object */;
			proxyType = 1;
			remoteGlobalIDString = 3D80ECE71CE310B0001A1798;
			remoteInfo = NoteTaker;
		};
/* End PBXContainerItemProxy section */

/* Begin PBXFileReference section */
		3D80ECE81CE310B0001A1798 /* NoteTaker.app */ = {isa = PBXFileReference; explicitFileType = wrapper.application; includeInIndex = 0; path = NoteTaker.app; sourceTree = BUILT_PRODUCTS_DIR; };
		3D80ECEB1CE310B0001A1798 /* AppDelegate.swift */ = {isa = PBXFileReference; lastKnownFileType = sourcecode.swift; path = AppDelegate.swift; sourceTree = "<group>"; };
		3D80ECED1CE310B0001A1798 /* NoteTakerViewController.swift */ = {isa = PBXFileReference; lastKnownFileType = sourcecode.swift; path = NoteTakerViewController.swift; sourceTree = "<group>"; };
		3D80ECF01CE310B0001A1798 /* Base */ = {isa = PBXFileReference; lastKnownFileType = file.storyboard; name = Base; path = Base.lproj/Main.storyboard; sourceTree = "<group>"; };
		3D80ECF31CE310B0001A1798 /* NoteTaker.xcdatamodel */ = {isa = PBXFileReference; lastKnownFileType = wrapper.xcdatamodel; path = NoteTaker.xcdatamodel; sourceTree = "<group>"; };
		3D80ECF51CE310B0001A1798 /* Assets.xcassets */ = {isa = PBXFileReference; lastKnownFileType = folder.assetcatalog; path = Assets.xcassets; sourceTree = "<group>"; };
		3D80ECF81CE310B0001A1798 /* Base */ = {isa = PBXFileReference; lastKnownFileType = file.storyboard; name = Base; path = Base.lproj/LaunchScreen.storyboard; sourceTree = "<group>"; };
		3D80ECFA1CE310B0001A1798 /* Info.plist */ = {isa = PBXFileReference; lastKnownFileType = text.plist.xml; path = Info.plist; sourceTree = "<group>"; };
		3D80ECFF1CE310B0001A1798 /* NoteTakerTests.xctest */ = {isa = PBXFileReference; explicitFileType = wrapper.cfbundle; includeInIndex = 0; path = NoteTakerTests.xctest; sourceTree = BUILT_PRODUCTS_DIR; };
		3D80ED031CE310B0001A1798 /* NoteTakerTests.swift */ = {isa = PBXFileReference; lastKnownFileType = sourcecode.swift; path = NoteTakerTests.swift; sourceTree = "<group>"; };
		3D80ED051CE310B1001A1798 /* Info.plist */ = {isa = PBXFileReference; lastKnownFileType = text.plist.xml; path = Info.plist; sourceTree = "<group>"; };
		3D80ED0A1CE310B1001A1798 /* NoteTakerUITests.xctest */ = {isa = PBXFileReference; explicitFileType = wrapper.cfbundle; includeInIndex = 0; path = NoteTakerUITests.xctest; sourceTree = BUILT_PRODUCTS_DIR; };
		3D80ED0E1CE310B1001A1798 /* NoteTakerUITests.swift */ = {isa = PBXFileReference; lastKnownFileType = sourcecode.swift; path = NoteTakerUITests.swift; sourceTree = "<group>"; };
		3D80ED101CE310B1001A1798 /* Info.plist */ = {isa = PBXFileReference; lastKnownFileType = text.plist.xml; path = Info.plist; sourceTree = "<group>"; };
/* End PBXFileReference section */

/* Begin PBXFrameworksBuildPhase section */
		3D80ECE51CE310B0001A1798 /* Frameworks */ = {
			isa = PBXFrameworksBuildPhase;
			buildActionMask = 2147483647;
			files = (
			);
			runOnlyForDeploymentPostprocessing = 0;
		};
		3D80ECFC1CE310B0001A1798 /* Frameworks */ = {
			isa = PBXFrameworksBuildPhase;
			buildActionMask = 2147483647;
			files = (
			);
			runOnlyForDeploymentPostprocessing = 0;
		};
		3D80ED071CE310B1001A1798 /* Frameworks */ = {
			isa = PBXFrameworksBuildPhase;
			buildActionMask = 2147483647;
			files = (
			);
			runOnlyForDeploymentPostprocessing = 0;
		};
/* End PBXFrameworksBuildPhase section */

/* Begin PBXGroup section */
		3D80ECDF1CE310B0001A1798 = {
			isa = PBXGroup;
			children = (
				3D80ECEA1CE310B0001A1798 /* NoteTaker */,
				3D80ED021CE310B0001A1798 /* NoteTakerTests */,
				3D80ED0D1CE310B1001A1798 /* NoteTakerUITests */,
				3D80ECE91CE310B0001A1798 /* Products */,
			);
			sourceTree = "<group>";
		};
		3D80ECE91CE310B0001A1798 /* Products */ = {
			isa = PBXGroup;
			children = (
				3D80ECE81CE310B0001A1798 /* NoteTaker.app */,
				3D80ECFF1CE310B0001A1798 /* NoteTakerTests.xctest */,
				3D80ED0A1CE310B1001A1798 /* NoteTakerUITests.xctest */,
			);
			name = Products;
			sourceTree = "<group>";
		};
		3D80ECEA1CE310B0001A1798 /* NoteTaker */ = {
			isa = PBXGroup;
			children = (
				3D80ECEB1CE310B0001A1798 /* AppDelegate.swift */,
				3D80ECED1CE310B0001A1798 /* NoteTakerViewController.swift */,
				3D80ECEF1CE310B0001A1798 /* Main.storyboard */,
				3D80ECF51CE310B0001A1798 /* Assets.xcassets */,
				3D80ECF71CE310B0001A1798 /* LaunchScreen.storyboard */,
				3D80ECFA1CE310B0001A1798 /* Info.plist */,
				3D80ECF21CE310B0001A1798 /* NoteTaker.xcdatamodeld */,
			);
			path = NoteTaker;
			sourceTree = "<group>";
		};
		3D80ED021CE310B0001A1798 /* NoteTakerTests */ = {
			isa = PBXGroup;
			children = (
				3D80ED031CE310B0001A1798 /* NoteTakerTests.swift */,
				3D80ED051CE310B1001A1798 /* Info.plist */,
			);
			path = NoteTakerTests;
			sourceTree = "<group>";
		};
		3D80ED0D1CE310B1001A1798 /* NoteTakerUITests */ = {
			isa = PBXGroup;
			children = (
				3D80ED0E1CE310B1001A1798 /* NoteTakerUITests.swift */,
				3D80ED101CE310B1001A1798 /* Info.plist */,
			);
			path = NoteTakerUITests;
			sourceTree = "<group>";
		};
/* End PBXGroup section */

/* Begin PBXNativeTarget section */
		3D80ECE71CE310B0001A1798 /* NoteTaker */ = {
			isa = PBXNativeTarget;
			buildConfigurationList = 3D80ED131CE310B1001A1798 /* Build configuration list for PBXNativeTarget "NoteTaker" */;
			buildPhases = (
				3D80ECE41CE310B0001A1798 /* Sources */,
				3D80ECE51CE310B0001A1798 /* Frameworks */,
				3D80ECE61CE310B0001A1798 /* Resources */,
			);
			buildRules = (
			);
			dependencies = (
			);
			name = NoteTaker;
			productName = NoteTaker;
			productReference = 3D80ECE81CE310B0001A1798 /* NoteTaker.app */;
			productType = "com.apple.product-type.application";
		};
		3D80ECFE1CE310B0001A1798 /* NoteTakerTests */ = {
			isa = PBXNativeTarget;
			buildConfigurationList = 3D80ED161CE310B1001A1798 /* Build configuration list for PBXNativeTarget "NoteTakerTests" */;
			buildPhases = (
				3D80ECFB1CE310B0001A1798 /* Sources */,
				3D80ECFC1CE310B0001A1798 /* Frameworks */,
				3D80ECFD1CE310B0001A1798 /* Resources */,
			);
			buildRules = (
			);
			dependencies = (
				3D80ED011CE310B0001A1798 /* PBXTargetDependency */,
			);
			name = NoteTakerTests;
			productName = NoteTakerTests;
			productReference = 3D80ECFF1CE310B0001A1798 /* NoteTakerTests.xctest */;
			productType = "com.apple.product-type.bundle.unit-test";
		};
		3D80ED091CE310B1001A1798 /* NoteTakerUITests */ = {
			isa = PBXNativeTarget;
			buildConfigurationList = 3D80ED191CE310B1001A1798 /* Build configuration list for PBXNativeTarget "NoteTakerUITests" */;
			buildPhases = (
				3D80ED061CE310B1001A1798 /* Sources */,
				3D80ED071CE310B1001A1798 /* Frameworks */,
				3D80ED081CE310B1001A1798 /* Resources */,
			);
			buildRules = (
			);
			dependencies = (
				3D80ED0C1CE310B1001A1798 /* PBXTargetDependency */,
			);
			name = NoteTakerUITests;
			productName = NoteTakerUITests;
			productReference = 3D80ED0A1CE310B1001A1798 /* NoteTakerUITests.xctest */;
			productType = "com.apple.product-type.bundle.ui-testing";
		};
/* End PBXNativeTarget section */

/* Begin PBXProject section */
		3D80ECE01CE310B0001A1798 /* Project object */ = {
			isa = PBXProject;
			attributes = {
				LastSwiftUpdateCheck = 0730;
				LastUpgradeCheck = 0730;
				ORGANIZATIONNAME = "Juan de Dios Torres";
				TargetAttributes = {
					3D80ECE71CE310B0001A1798 = {
						CreatedOnToolsVersion = 7.3.1;
						DevelopmentTeam = L3KPUXUD2N;
					};
					3D80ECFE1CE310B0001A1798 = {
						CreatedOnToolsVersion = 7.3.1;
						DevelopmentTeam = L3KPUXUD2N;
						TestTargetID = 3D80ECE71CE310B0001A1798;
					};
					3D80ED091CE310B1001A1798 = {
						CreatedOnToolsVersion = 7.3.1;
						DevelopmentTeam = L3KPUXUD2N;
						TestTargetID = 3D80ECE71CE310B0001A1798;
					};
				};
			};
			buildConfigurationList = 3D80ECE31CE310B0001A1798 /* Build configuration list for PBXProject "NoteTaker" */;
			compatibilityVersion = "Xcode 3.2";
			developmentRegion = English;
			hasScannedForEncodings = 0;
			knownRegions = (
				en,
				Base,
			);
			mainGroup = 3D80ECDF1CE310B0001A1798;
			productRefGroup = 3D80ECE91CE310B0001A1798 /* Products */;
			projectDirPath = "";
			projectRoot = "";
			targets = (
				3D80ECE71CE310B0001A1798 /* NoteTaker */,
				3D80ECFE1CE310B0001A1798 /* NoteTakerTests */,
				3D80ED091CE310B1001A1798 /* NoteTakerUITests */,
			);
		};
/* End PBXProject section */

/* Begin PBXResourcesBuildPhase section */
		3D80ECE61CE310B0001A1798 /* Resources */ = {
			isa = PBXResourcesBuildPhase;
			buildActionMask = 2147483647;
			files = (
				3D80ECF91CE310B0001A1798 /* LaunchScreen.storyboard in Resources */,
				3D80ECF61CE310B0001A1798 /* Assets.xcassets in Resources */,
				3D80ECF11CE310B0001A1798 /* Main.storyboard in Resources */,
			);
			runOnlyForDeploymentPostprocessing = 0;
		};
		3D80ECFD1CE310B0001A1798 /* Resources */ = {
			isa = PBXResourcesBuildPhase;
			buildActionMask = 2147483647;
			files = (
			);
			runOnlyForDeploymentPostprocessing = 0;
		};
		3D80ED081CE310B1001A1798 /* Resources */ = {
			isa = PBXResourcesBuildPhase;
			buildActionMask = 2147483647;
			files = (
			);
			runOnlyForDeploymentPostprocessing = 0;
		};
/* End PBXResourcesBuildPhase section */

/* Begin PBXSourcesBuildPhase section */
		3D80ECE41CE310B0001A1798 /* Sources */ = {
			isa = PBXSourcesBuildPhase;
			buildActionMask = 2147483647;
			files = (
				3D80ECF41CE310B0001A1798 /* NoteTaker.xcdatamodeld in Sources */,
				3D80ECEE1CE310B0001A1798 /* NoteTakerViewController.swift in Sources */,
				3D80ECEC1CE310B0001A1798 /* AppDelegate.swift in Sources */,
			);
			runOnlyForDeploymentPostprocessing = 0;
		};
		3D80ECFB1CE310B0001A1798 /* Sources */ = {
			isa = PBXSourcesBuildPhase;
			buildActionMask = 2147483647;
			files = (
				3D80ED041CE310B0001A1798 /* NoteTakerTests.swift in Sources */,
			);
			runOnlyForDeploymentPostprocessing = 0;
		};
		3D80ED061CE310B1001A1798 /* Sources */ = {
			isa = PBXSourcesBuildPhase;
			buildActionMask = 2147483647;
			files = (
				3D80ED0F1CE310B1001A1798 /* NoteTakerUITests.swift in Sources */,
			);
			runOnlyForDeploymentPostprocessing = 0;
		};
/* End PBXSourcesBuildPhase section */

/* Begin PBXTargetDependency section */
		3D80ED011CE310B0001A1798 /* PBXTargetDependency */ = {
			isa = PBXTargetDependency;
			target = 3D80ECE71CE310B0001A1798 /* NoteTaker */;
			targetProxy = 3D80ED001CE310B0001A1798 /* PBXContainerItemProxy */;
		};
		3D80ED0C1CE310B1001A1798 /* PBXTargetDependency */ = {
			isa = PBXTargetDependency;
			target = 3D80ECE71CE310B0001A1798 /* NoteTaker */;
			targetProxy = 3D80ED0B1CE310B1001A1798 /* PBXContainerItemProxy */;
		};
/* End PBXTargetDependency section */

/* Begin PBXVariantGroup section */
		3D80ECEF1CE310B0001A1798 /* Main.storyboard */ = {
			isa = PBXVariantGroup;
			children = (
				3D80ECF01CE310B0001A1798 /* Base */,
			);
			name = Main.storyboard;
			sourceTree = "<group>";
		};
		3D80ECF71CE310B0001A1798 /* LaunchScreen.storyboard */ = {
			isa = PBXVariantGroup;
			children = (
				3D80ECF81CE310B0001A1798 /* Base */,
			);
			name = LaunchScreen.storyboard;
			sourceTree = "<group>";
		};
/* End PBXVariantGroup section */

/* Begin XCBuildConfiguration section */
		3D80ED111CE310B1001A1798 /* Debug */ = {
			isa = XCBuildConfiguration;
			buildSettings = {
				ALWAYS_SEARCH_USER_PATHS = NO;
				CLANG_ANALYZER_NONNULL = YES;
				CLANG_CXX_LANGUAGE_STANDARD = "gnu++0x";
				CLANG_CXX_LIBRARY = "libc++";
				CLANG_ENABLE_MODULES = YES;
				CLANG_ENABLE_OBJC_ARC = YES;
				CLANG_WARN_BOOL_CONVERSION = YES;
				CLANG_WARN_CONSTANT_CONVERSION = YES;
				CLANG_WARN_DIRECT_OBJC_ISA_USAGE = YES_ERROR;
				CLANG_WARN_EMPTY_BODY = YES;
				CLANG_WARN_ENUM_CONVERSION = YES;
				CLANG_WARN_INT_CONVERSION = YES;
				CLANG_WARN_OBJC_ROOT_CLASS = YES_ERROR;
				CLANG_WARN_UNREACHABLE_CODE = YES;
				CLANG_WARN__DUPLICATE_METHOD_MATCH = YES;
				"CODE_SIGN_IDENTITY[sdk=iphoneos*]" = "iPhone Developer";
				COPY_PHASE_STRIP = NO;
				DEBUG_INFORMATION_FORMAT = dwarf;
				ENABLE_STRICT_OBJC_MSGSEND = YES;
				ENABLE_TESTABILITY = YES;
				GCC_C_LANGUAGE_STANDARD = gnu99;
				GCC_DYNAMIC_NO_PIC = NO;
				GCC_NO_COMMON_BLOCKS = YES;
				GCC_OPTIMIZATION_LEVEL = 0;
				GCC_PREPROCESSOR_DEFINITIONS = (
					"DEBUG=1",
					"$(inherited)",
				);
				GCC_WARN_64_TO_32_BIT_CONVERSION = YES;
				GCC_WARN_ABOUT_RETURN_TYPE = YES_ERROR;
				GCC_WARN_UNDECLARED_SELECTOR = YES;
				GCC_WARN_UNINITIALIZED_AUTOS = YES_AGGRESSIVE;
				GCC_WARN_UNUSED_FUNCTION = YES;
				GCC_WARN_UNUSED_VARIABLE = YES;
				IPHONEOS_DEPLOYMENT_TARGET = 9.3;
				MTL_ENABLE_DEBUG_INFO = YES;
				ONLY_ACTIVE_ARCH = YES;
				SDKROOT = iphoneos;
				SWIFT_OPTIMIZATION_LEVEL = "-Onone";
				TARGETED_DEVICE_FAMILY = "1,2";
			};
			name = Debug;
		};
		3D80ED121CE310B1001A1798 /* Release */ = {
			isa = XCBuildConfiguration;
			buildSettings = {
				ALWAYS_SEARCH_USER_PATHS = NO;
				CLANG_ANALYZER_NONNULL = YES;
				CLANG_CXX_LANGUAGE_STANDARD = "gnu++0x";
				CLANG_CXX_LIBRARY = "libc++";
				CLANG_ENABLE_MODULES = YES;
				CLANG_ENABLE_OBJC_ARC = YES;
				CLANG_WARN_BOOL_CONVERSION = YES;
				CLANG_WARN_CONSTANT_CONVERSION = YES;
				CLANG_WARN_DIRECT_OBJC_ISA_USAGE = YES_ERROR;
				CLANG_WARN_EMPTY_BODY = YES;
				CLANG_WARN_ENUM_CONVERSION = YES;
				CLANG_WARN_INT_CONVERSION = YES;
				CLANG_WARN_OBJC_ROOT_CLASS = YES_ERROR;
				CLANG_WARN_UNREACHABLE_CODE = YES;
				CLANG_WARN__DUPLICATE_METHOD_MATCH = YES;
				"CODE_SIGN_IDENTITY[sdk=iphoneos*]" = "iPhone Developer";
				COPY_PHASE_STRIP = NO;
				DEBUG_INFORMATION_FORMAT = "dwarf-with-dsym";
				ENABLE_NS_ASSERTIONS = NO;
				ENABLE_STRICT_OBJC_MSGSEND = YES;
				GCC_C_LANGUAGE_STANDARD = gnu99;
				GCC_NO_COMMON_BLOCKS = YES;
				GCC_WARN_64_TO_32_BIT_CONVERSION = YES;
				GCC_WARN_ABOUT_RETURN_TYPE = YES_ERROR;
				GCC_WARN_UNDECLARED_SELECTOR = YES;
				GCC_WARN_UNINITIALIZED_AUTOS = YES_AGGRESSIVE;
				GCC_WARN_UNUSED_FUNCTION = YES;
				GCC_WARN_UNUSED_VARIABLE = YES;
				IPHONEOS_DEPLOYMENT_TARGET = 9.3;
				MTL_ENABLE_DEBUG_INFO = NO;
				SDKROOT = iphoneos;
				TARGETED_DEVICE_FAMILY = "1,2";
				VALIDATE_PRODUCT = YES;
			};
			name = Release;
		};
		3D80ED141CE310B1001A1798 /* Debug */ = {
			isa = XCBuildConfiguration;
			buildSettings = {
				ASSETCATALOG_COMPILER_APPICON_NAME = AppIcon;
				INFOPLIST_FILE = NoteTaker/Info.plist;
				LD_RUNPATH_SEARCH_PATHS = "$(inherited) @executable_path/Frameworks";
				PRODUCT_BUNDLE_IDENTIFIER = com.ikalsoft.NoteTaker;
				PRODUCT_NAME = "$(TARGET_NAME)";
			};
			name = Debug;
		};
		3D80ED151CE310B1001A1798 /* Release */ = {
			isa = XCBuildConfiguration;
			buildSettings = {
				ASSETCATALOG_COMPILER_APPICON_NAME = AppIcon;
				INFOPLIST_FILE = NoteTaker/Info.plist;
				LD_RUNPATH_SEARCH_PATHS = "$(inherited) @executable_path/Frameworks";
				PRODUCT_BUNDLE_IDENTIFIER = com.ikalsoft.NoteTaker;
				PRODUCT_NAME = "$(TARGET_NAME)";
			};
			name = Release;
		};
		3D80ED171CE310B1001A1798 /* Debug */ = {
			isa = XCBuildConfiguration;
			buildSettings = {
				BUNDLE_LOADER = "$(TEST_HOST)";
				INFOPLIST_FILE = NoteTakerTests/Info.plist;
				LD_RUNPATH_SEARCH_PATHS = "$(inherited) @executable_path/Frameworks @loader_path/Frameworks";
				PRODUCT_BUNDLE_IDENTIFIER = com.ikalsoft.NoteTakerTests;
				PRODUCT_NAME = "$(TARGET_NAME)";
				TEST_HOST = "$(BUILT_PRODUCTS_DIR)/NoteTaker.app/NoteTaker";
			};
			name = Debug;
		};
		3D80ED181CE310B1001A1798 /* Release */ = {
			isa = XCBuildConfiguration;
			buildSettings = {
				BUNDLE_LOADER = "$(TEST_HOST)";
				INFOPLIST_FILE = NoteTakerTests/Info.plist;
				LD_RUNPATH_SEARCH_PATHS = "$(inherited) @executable_path/Frameworks @loader_path/Frameworks";
				PRODUCT_BUNDLE_IDENTIFIER = com.ikalsoft.NoteTakerTests;
				PRODUCT_NAME = "$(TARGET_NAME)";
				TEST_HOST = "$(BUILT_PRODUCTS_DIR)/NoteTaker.app/NoteTaker";
			};
			name = Release;
		};
		3D80ED1A1CE310B1001A1798 /* Debug */ = {
			isa = XCBuildConfiguration;
			buildSettings = {
				INFOPLIST_FILE = NoteTakerUITests/Info.plist;
				LD_RUNPATH_SEARCH_PATHS = "$(inherited) @executable_path/Frameworks @loader_path/Frameworks";
				PRODUCT_BUNDLE_IDENTIFIER = com.ikalsoft.NoteTakerUITests;
				PRODUCT_NAME = "$(TARGET_NAME)";
				TEST_TARGET_NAME = NoteTaker;
			};
			name = Debug;
		};
		3D80ED1B1CE310B1001A1798 /* Release */ = {
			isa = XCBuildConfiguration;
			buildSettings = {
				INFOPLIST_FILE = NoteTakerUITests/Info.plist;
				LD_RUNPATH_SEARCH_PATHS = "$(inherited) @executable_path/Frameworks @loader_path/Frameworks";
				PRODUCT_BUNDLE_IDENTIFIER = com.ikalsoft.NoteTakerUITests;
				PRODUCT_NAME = "$(TARGET_NAME)";
				TEST_TARGET_NAME = NoteTaker;
			};
			name = Release;
		};
/* End XCBuildConfiguration section */

/* Begin XCConfigurationList section */
		3D80ECE31CE310B0001A1798 /* Build configuration list for PBXProject "NoteTaker" */ = {
			isa = XCConfigurationList;
			buildConfigurations = (
				3D80ED111CE310B1001A1798 /* Debug */,
				3D80ED121CE310B1001A1798 /* Release */,
			);
			defaultConfigurationIsVisible = 0;
			defaultConfigurationName = Release;
		};
		3D80ED131CE310B1001A1798 /* Build configuration list for PBXNativeTarget "NoteTaker" */ = {
			isa = XCConfigurationList;
			buildConfigurations = (
				3D80ED141CE310B1001A1798 /* Debug */,
				3D80ED151CE310B1001A1798 /* Release */,
			);
			defaultConfigurationIsVisible = 0;
		};
		3D80ED161CE310B1001A1798 /* Build configuration list for PBXNativeTarget "NoteTakerTests" */ = {
			isa = XCConfigurationList;
			buildConfigurations = (
				3D80ED171CE310B1001A1798 /* Debug */,
				3D80ED181CE310B1001A1798 /* Release */,
			);
			defaultConfigurationIsVisible = 0;
		};
		3D80ED191CE310B1001A1798 /* Build configuration list for PBXNativeTarget "NoteTakerUITests" */ = {
			isa = XCConfigurationList;
			buildConfigurations = (
				3D80ED1A1CE310B1001A1798 /* Debug */,
				3D80ED1B1CE310B1001A1798 /* Release */,
			);
			defaultConfigurationIsVisible = 0;
		};
/* End XCConfigurationList section */

/* Begin XCVersionGroup section */
		3D80ECF21CE310B0001A1798 /* NoteTaker.xcdatamodeld */ = {
			isa = XCVersionGroup;
			children = (
				3D80ECF31CE310B0001A1798 /* NoteTaker.xcdatamodel */,
			);
			currentVersion = 3D80ECF31CE310B0001A1798 /* NoteTaker.xcdatamodel */;
			path = NoteTaker.xcdatamodeld;
			sourceTree = "<group>";
			versionGroupType = wrapper.xcdatamodel;
		};
/* End XCVersionGroup section */
	};
	rootObject = 3D80ECE01CE310B0001A1798 /* Project object */;
}
